// !$*UTF8*$!
{
	archiveVersion = 1;
	classes = {
	};
	objectVersion = 55;
	objects = {

/* Begin PBXBuildFile section */
		82BD29DB287465E8008DDF22 /* KatinApp.swift in Sources */ = {isa = PBXBuildFile; fileRef = 82BD29DA287465E8008DDF22 /* KatinApp.swift */; };
		82BD29DD287465E8008DDF22 /* ContentView.swift in Sources */ = {isa = PBXBuildFile; fileRef = 82BD29DC287465E8008DDF22 /* ContentView.swift */; };
		82BD29DF287465E9008DDF22 /* Assets.xcassets in Resources */ = {isa = PBXBuildFile; fileRef = 82BD29DE287465E9008DDF22 /* Assets.xcassets */; };
		82BD29E2287465E9008DDF22 /* Preview Assets.xcassets in Resources */ = {isa = PBXBuildFile; fileRef = 82BD29E1287465E9008DDF22 /* Preview Assets.xcassets */; };
		82BD29EC287465EA008DDF22 /* KatinTests.swift in Sources */ = {isa = PBXBuildFile; fileRef = 82BD29EB287465EA008DDF22 /* KatinTests.swift */; };
		82BD29F6287465EA008DDF22 /* KatinUITests.swift in Sources */ = {isa = PBXBuildFile; fileRef = 82BD29F5287465EA008DDF22 /* KatinUITests.swift */; };
		82BD29F8287465EA008DDF22 /* KatinUITestsLaunchTests.swift in Sources */ = {isa = PBXBuildFile; fileRef = 82BD29F7287465EA008DDF22 /* KatinUITestsLaunchTests.swift */; };
/* End PBXBuildFile section */

/* Begin PBXContainerItemProxy section */
		82BD29E8287465EA008DDF22 /* PBXContainerItemProxy */ = {
			isa = PBXContainerItemProxy;
			containerPortal = 82BD29CF287465E8008DDF22 /* Project object */;
			proxyType = 1;
			remoteGlobalIDString = 82BD29D6287465E8008DDF22;
			remoteInfo = Katin;
		};
		82BD29F2287465EA008DDF22 /* PBXContainerItemProxy */ = {
			isa = PBXContainerItemProxy;
			containerPortal = 82BD29CF287465E8008DDF22 /* Project object */;
			proxyType = 1;
			remoteGlobalIDString = 82BD29D6287465E8008DDF22;
			remoteInfo = Katin;
		};
/* End PBXContainerItemProxy section */

/* Begin PBXFileReference section */
		82BD29D7287465E8008DDF22 /* Katin.app */ = {isa = PBXFileReference; explicitFileType = wrapper.application; includeInIndex = 0; path = Katin.app; sourceTree = BUILT_PRODUCTS_DIR; };
		82BD29DA287465E8008DDF22 /* KatinApp.swift */ = {isa = PBXFileReference; lastKnownFileType = sourcecode.swift; path = KatinApp.swift; sourceTree = "<group>"; };
		82BD29DC287465E8008DDF22 /* ContentView.swift */ = {isa = PBXFileReference; lastKnownFileType = sourcecode.swift; path = ContentView.swift; sourceTree = "<group>"; };
		82BD29DE287465E9008DDF22 /* Assets.xcassets */ = {isa = PBXFileReference; lastKnownFileType = folder.assetcatalog; path = Assets.xcassets; sourceTree = "<group>"; };
		82BD29E1287465E9008DDF22 /* Preview Assets.xcassets */ = {isa = PBXFileReference; lastKnownFileType = folder.assetcatalog; path = "Preview Assets.xcassets"; sourceTree = "<group>"; };
		82BD29E7287465EA008DDF22 /* KatinTests.xctest */ = {isa = PBXFileReference; explicitFileType = wrapper.cfbundle; includeInIndex = 0; path = KatinTests.xctest; sourceTree = BUILT_PRODUCTS_DIR; };
		82BD29EB287465EA008DDF22 /* KatinTests.swift */ = {isa = PBXFileReference; lastKnownFileType = sourcecode.swift; path = KatinTests.swift; sourceTree = "<group>"; };
		82BD29F1287465EA008DDF22 /* KatinUITests.xctest */ = {isa = PBXFileReference; explicitFileType = wrapper.cfbundle; includeInIndex = 0; path = KatinUITests.xctest; sourceTree = BUILT_PRODUCTS_DIR; };
		82BD29F5287465EA008DDF22 /* KatinUITests.swift */ = {isa = PBXFileReference; lastKnownFileType = sourcecode.swift; path = KatinUITests.swift; sourceTree = "<group>"; };
		82BD29F7287465EA008DDF22 /* KatinUITestsLaunchTests.swift */ = {isa = PBXFileReference; lastKnownFileType = sourcecode.swift; path = KatinUITestsLaunchTests.swift; sourceTree = "<group>"; };
/* End PBXFileReference section */

/* Begin PBXFrameworksBuildPhase section */
		82BD29D4287465E8008DDF22 /* Frameworks */ = {
			isa = PBXFrameworksBuildPhase;
			buildActionMask = 2147483647;
			files = (
			);
			runOnlyForDeploymentPostprocessing = 0;
		};
		82BD29E4287465EA008DDF22 /* Frameworks */ = {
			isa = PBXFrameworksBuildPhase;
			buildActionMask = 2147483647;
			files = (
			);
			runOnlyForDeploymentPostprocessing = 0;
		};
		82BD29EE287465EA008DDF22 /* Frameworks */ = {
			isa = PBXFrameworksBuildPhase;
			buildActionMask = 2147483647;
			files = (
			);
			runOnlyForDeploymentPostprocessing = 0;
		};
/* End PBXFrameworksBuildPhase section */

/* Begin PBXGroup section */
		82BD29CE287465E8008DDF22 = {
			isa = PBXGroup;
			children = (
				82BD29D9287465E8008DDF22 /* Katin */,
				82BD29EA287465EA008DDF22 /* KatinTests */,
				82BD29F4287465EA008DDF22 /* KatinUITests */,
				82BD29D8287465E8008DDF22 /* Products */,
			);
			sourceTree = "<group>";
		};
		82BD29D8287465E8008DDF22 /* Products */ = {
			isa = PBXGroup;
			children = (
				82BD29D7287465E8008DDF22 /* Katin.app */,
				82BD29E7287465EA008DDF22 /* KatinTests.xctest */,
				82BD29F1287465EA008DDF22 /* KatinUITests.xctest */,
			);
			name = Products;
			sourceTree = "<group>";
		};
		82BD29D9287465E8008DDF22 /* Katin */ = {
			isa = PBXGroup;
			children = (
				82BD29DA287465E8008DDF22 /* KatinApp.swift */,
				82BD29DC287465E8008DDF22 /* ContentView.swift */,
				82BD29DE287465E9008DDF22 /* Assets.xcassets */,
				82BD29E0287465E9008DDF22 /* Preview Content */,
			);
			path = Katin;
			sourceTree = "<group>";
		};
		82BD29E0287465E9008DDF22 /* Preview Content */ = {
			isa = PBXGroup;
			children = (
				82BD29E1287465E9008DDF22 /* Preview Assets.xcassets */,
			);
			path = "Preview Content";
			sourceTree = "<group>";
		};
		82BD29EA287465EA008DDF22 /* KatinTests */ = {
			isa = PBXGroup;
			children = (
				82BD29EB287465EA008DDF22 /* KatinTests.swift */,
			);
			path = KatinTests;
			sourceTree = "<group>";
		};
		82BD29F4287465EA008DDF22 /* KatinUITests */ = {
			isa = PBXGroup;
			children = (
				82BD29F5287465EA008DDF22 /* KatinUITests.swift */,
				82BD29F7287465EA008DDF22 /* KatinUITestsLaunchTests.swift */,
			);
			path = KatinUITests;
			sourceTree = "<group>";
		};
/* End PBXGroup section */

/* Begin PBXNativeTarget section */
		82BD29D6287465E8008DDF22 /* Katin */ = {
			isa = PBXNativeTarget;
			buildConfigurationList = 82BD29FB287465EA008DDF22 /* Build configuration list for PBXNativeTarget "Katin" */;
			buildPhases = (
				82BD29D3287465E8008DDF22 /* Sources */,
				82BD29D4287465E8008DDF22 /* Frameworks */,
				82BD29D5287465E8008DDF22 /* Resources */,
			);
			buildRules = (
			);
			dependencies = (
			);
			name = Katin;
			productName = Katin;
			productReference = 82BD29D7287465E8008DDF22 /* Katin.app */;
			productType = "com.apple.product-type.application";
		};
		82BD29E6287465EA008DDF22 /* KatinTests */ = {
			isa = PBXNativeTarget;
			buildConfigurationList = 82BD29FE287465EA008DDF22 /* Build configuration list for PBXNativeTarget "KatinTests" */;
			buildPhases = (
				82BD29E3287465EA008DDF22 /* Sources */,
				82BD29E4287465EA008DDF22 /* Frameworks */,
				82BD29E5287465EA008DDF22 /* Resources */,
			);
			buildRules = (
			);
			dependencies = (
				82BD29E9287465EA008DDF22 /* PBXTargetDependency */,
			);
			name = KatinTests;
			productName = KatinTests;
			productReference = 82BD29E7287465EA008DDF22 /* KatinTests.xctest */;
			productType = "com.apple.product-type.bundle.unit-test";
		};
		82BD29F0287465EA008DDF22 /* KatinUITests */ = {
			isa = PBXNativeTarget;
			buildConfigurationList = 82BD2A01287465EA008DDF22 /* Build configuration list for PBXNativeTarget "KatinUITests" */;
			buildPhases = (
				82BD29ED287465EA008DDF22 /* Sources */,
				82BD29EE287465EA008DDF22 /* Frameworks */,
				82BD29EF287465EA008DDF22 /* Resources */,
			);
			buildRules = (
			);
			dependencies = (
				82BD29F3287465EA008DDF22 /* PBXTargetDependency */,
			);
			name = KatinUITests;
			productName = KatinUITests;
			productReference = 82BD29F1287465EA008DDF22 /* KatinUITests.xctest */;
			productType = "com.apple.product-type.bundle.ui-testing";
		};
/* End PBXNativeTarget section */

/* Begin PBXProject section */
		82BD29CF287465E8008DDF22 /* Project object */ = {
			isa = PBXProject;
			attributes = {
				BuildIndependentTargetsInParallel = 1;
				LastSwiftUpdateCheck = 1340;
				LastUpgradeCheck = 1340;
				TargetAttributes = {
					82BD29D6287465E8008DDF22 = {
						CreatedOnToolsVersion = 13.4.1;
					};
					82BD29E6287465EA008DDF22 = {
						CreatedOnToolsVersion = 13.4.1;
						TestTargetID = 82BD29D6287465E8008DDF22;
					};
					82BD29F0287465EA008DDF22 = {
						CreatedOnToolsVersion = 13.4.1;
						TestTargetID = 82BD29D6287465E8008DDF22;
					};
				};
			};
			buildConfigurationList = 82BD29D2287465E8008DDF22 /* Build configuration list for PBXProject "Katin" */;
			compatibilityVersion = "Xcode 13.0";
			developmentRegion = en;
			hasScannedForEncodings = 0;
			knownRegions = (
				en,
				Base,
			);
			mainGroup = 82BD29CE287465E8008DDF22;
			productRefGroup = 82BD29D8287465E8008DDF22 /* Products */;
			projectDirPath = "";
			projectRoot = "";
			targets = (
				82BD29D6287465E8008DDF22 /* Katin */,
				82BD29E6287465EA008DDF22 /* KatinTests */,
				82BD29F0287465EA008DDF22 /* KatinUITests */,
			);
		};
/* End PBXProject section */

/* Begin PBXResourcesBuildPhase section */
		82BD29D5287465E8008DDF22 /* Resources */ = {
			isa = PBXResourcesBuildPhase;
			buildActionMask = 2147483647;
			files = (
				82BD29E2287465E9008DDF22 /* Preview Assets.xcassets in Resources */,
				82BD29DF287465E9008DDF22 /* Assets.xcassets in Resources */,
			);
			runOnlyForDeploymentPostprocessing = 0;
		};
		82BD29E5287465EA008DDF22 /* Resources */ = {
			isa = PBXResourcesBuildPhase;
			buildActionMask = 2147483647;
			files = (
			);
			runOnlyForDeploymentPostprocessing = 0;
		};
		82BD29EF287465EA008DDF22 /* Resources */ = {
			isa = PBXResourcesBuildPhase;
			buildActionMask = 2147483647;
			files = (
			);
			runOnlyForDeploymentPostprocessing = 0;
		};
/* End PBXResourcesBuildPhase section */

/* Begin PBXSourcesBuildPhase section */
		82BD29D3287465E8008DDF22 /* Sources */ = {
			isa = PBXSourcesBuildPhase;
			buildActionMask = 2147483647;
			files = (
				82BD29DD287465E8008DDF22 /* ContentView.swift in Sources */,
				82BD29DB287465E8008DDF22 /* KatinApp.swift in Sources */,
			);
			runOnlyForDeploymentPostprocessing = 0;
		};
		82BD29E3287465EA008DDF22 /* Sources */ = {
			isa = PBXSourcesBuildPhase;
			buildActionMask = 2147483647;
			files = (
				82BD29EC287465EA008DDF22 /* KatinTests.swift in Sources */,
			);
			runOnlyForDeploymentPostprocessing = 0;
		};
		82BD29ED287465EA008DDF22 /* Sources */ = {
			isa = PBXSourcesBuildPhase;
			buildActionMask = 2147483647;
			files = (
				82BD29F8287465EA008DDF22 /* KatinUITestsLaunchTests.swift in Sources */,
				82BD29F6287465EA008DDF22 /* KatinUITests.swift in Sources */,
			);
			runOnlyForDeploymentPostprocessing = 0;
		};
/* End PBXSourcesBuildPhase section */

/* Begin PBXTargetDependency section */
		82BD29E9287465EA008DDF22 /* PBXTargetDependency */ = {
			isa = PBXTargetDependency;
			target = 82BD29D6287465E8008DDF22 /* Katin */;
			targetProxy = 82BD29E8287465EA008DDF22 /* PBXContainerItemProxy */;
		};
		82BD29F3287465EA008DDF22 /* PBXTargetDependency */ = {
			isa = PBXTargetDependency;
			target = 82BD29D6287465E8008DDF22 /* Katin */;
			targetProxy = 82BD29F2287465EA008DDF22 /* PBXContainerItemProxy */;
		};
/* End PBXTargetDependency section */

/* Begin XCBuildConfiguration section */
		82BD29F9287465EA008DDF22 /* Debug */ = {
			isa = XCBuildConfiguration;
			buildSettings = {
				ALWAYS_SEARCH_USER_PATHS = NO;
				CLANG_ANALYZER_NONNULL = YES;
				CLANG_ANALYZER_NUMBER_OBJECT_CONVERSION = YES_AGGRESSIVE;
				CLANG_CXX_LANGUAGE_STANDARD = "gnu++17";
				CLANG_ENABLE_MODULES = YES;
				CLANG_ENABLE_OBJC_ARC = YES;
				CLANG_ENABLE_OBJC_WEAK = YES;
				CLANG_WARN_BLOCK_CAPTURE_AUTORELEASING = YES;
				CLANG_WARN_BOOL_CONVERSION = YES;
				CLANG_WARN_COMMA = YES;
				CLANG_WARN_CONSTANT_CONVERSION = YES;
				CLANG_WARN_DEPRECATED_OBJC_IMPLEMENTATIONS = YES;
				CLANG_WARN_DIRECT_OBJC_ISA_USAGE = YES_ERROR;
				CLANG_WARN_DOCUMENTATION_COMMENTS = YES;
				CLANG_WARN_EMPTY_BODY = YES;
				CLANG_WARN_ENUM_CONVERSION = YES;
				CLANG_WARN_INFINITE_RECURSION = YES;
				CLANG_WARN_INT_CONVERSION = YES;
				CLANG_WARN_NON_LITERAL_NULL_CONVERSION = YES;
				CLANG_WARN_OBJC_IMPLICIT_RETAIN_SELF = YES;
				CLANG_WARN_OBJC_LITERAL_CONVERSION = YES;
				CLANG_WARN_OBJC_ROOT_CLASS = YES_ERROR;
				CLANG_WARN_QUOTED_INCLUDE_IN_FRAMEWORK_HEADER = YES;
				CLANG_WARN_RANGE_LOOP_ANALYSIS = YES;
				CLANG_WARN_STRICT_PROTOTYPES = YES;
				CLANG_WARN_SUSPICIOUS_MOVE = YES;
				CLANG_WARN_UNGUARDED_AVAILABILITY = YES_AGGRESSIVE;
				CLANG_WARN_UNREACHABLE_CODE = YES;
				CLANG_WARN__DUPLICATE_METHOD_MATCH = YES;
				COPY_PHASE_STRIP = NO;
				DEBUG_INFORMATION_FORMAT = dwarf;
				ENABLE_STRICT_OBJC_MSGSEND = YES;
				ENABLE_TESTABILITY = YES;
				GCC_C_LANGUAGE_STANDARD = gnu11;
				GCC_DYNAMIC_NO_PIC = NO;
				GCC_NO_COMMON_BLOCKS = YES;
				GCC_OPTIMIZATION_LEVEL = 0;
				GCC_PREPROCESSOR_DEFINITIONS = (
					"DEBUG=1",
					"$(inherited)",
				);
				GCC_WARN_64_TO_32_BIT_CONVERSION = YES;
				GCC_WARN_ABOUT_RETURN_TYPE = YES_ERROR;
				GCC_WARN_UNDECLARED_SELECTOR = YES;
				GCC_WARN_UNINITIALIZED_AUTOS = YES_AGGRESSIVE;
				GCC_WARN_UNUSED_FUNCTION = YES;
				GCC_WARN_UNUSED_VARIABLE = YES;
				IPHONEOS_DEPLOYMENT_TARGET = 15.5;
				MTL_ENABLE_DEBUG_INFO = INCLUDE_SOURCE;
				MTL_FAST_MATH = YES;
				ONLY_ACTIVE_ARCH = YES;
				SDKROOT = iphoneos;
				SWIFT_ACTIVE_COMPILATION_CONDITIONS = DEBUG;
				SWIFT_OPTIMIZATION_LEVEL = "-Onone";
			};
			name = Debug;
		};
		82BD29FA287465EA008DDF22 /* Release */ = {
			isa = XCBuildConfiguration;
			buildSettings = {
				ALWAYS_SEARCH_USER_PATHS = NO;
				CLANG_ANALYZER_NONNULL = YES;
				CLANG_ANALYZER_NUMBER_OBJECT_CONVERSION = YES_AGGRESSIVE;
				CLANG_CXX_LANGUAGE_STANDARD = "gnu++17";
				CLANG_ENABLE_MODULES = YES;
				CLANG_ENABLE_OBJC_ARC = YES;
				CLANG_ENABLE_OBJC_WEAK = YES;
				CLANG_WARN_BLOCK_CAPTURE_AUTORELEASING = YES;
				CLANG_WARN_BOOL_CONVERSION = YES;
				CLANG_WARN_COMMA = YES;
				CLANG_WARN_CONSTANT_CONVERSION = YES;
				CLANG_WARN_DEPRECATED_OBJC_IMPLEMENTATIONS = YES;
				CLANG_WARN_DIRECT_OBJC_ISA_USAGE = YES_ERROR;
				CLANG_WARN_DOCUMENTATION_COMMENTS = YES;
				CLANG_WARN_EMPTY_BODY = YES;
				CLANG_WARN_ENUM_CONVERSION = YES;
				CLANG_WARN_INFINITE_RECURSION = YES;
				CLANG_WARN_INT_CONVERSION = YES;
				CLANG_WARN_NON_LITERAL_NULL_CONVERSION = YES;
				CLANG_WARN_OBJC_IMPLICIT_RETAIN_SELF = YES;
				CLANG_WARN_OBJC_LITERAL_CONVERSION = YES;
				CLANG_WARN_OBJC_ROOT_CLASS = YES_ERROR;
				CLANG_WARN_QUOTED_INCLUDE_IN_FRAMEWORK_HEADER = YES;
				CLANG_WARN_RANGE_LOOP_ANALYSIS = YES;
				CLANG_WARN_STRICT_PROTOTYPES = YES;
				CLANG_WARN_SUSPICIOUS_MOVE = YES;
				CLANG_WARN_UNGUARDED_AVAILABILITY = YES_AGGRESSIVE;
				CLANG_WARN_UNREACHABLE_CODE = YES;
				CLANG_WARN__DUPLICATE_METHOD_MATCH = YES;
				COPY_PHASE_STRIP = NO;
				DEBUG_INFORMATION_FORMAT = "dwarf-with-dsym";
				ENABLE_NS_ASSERTIONS = NO;
				ENABLE_STRICT_OBJC_MSGSEND = YES;
				GCC_C_LANGUAGE_STANDARD = gnu11;
				GCC_NO_COMMON_BLOCKS = YES;
				GCC_WARN_64_TO_32_BIT_CONVERSION = YES;
				GCC_WARN_ABOUT_RETURN_TYPE = YES_ERROR;
				GCC_WARN_UNDECLARED_SELECTOR = YES;
				GCC_WARN_UNINITIALIZED_AUTOS = YES_AGGRESSIVE;
				GCC_WARN_UNUSED_FUNCTION = YES;
				GCC_WARN_UNUSED_VARIABLE = YES;
				IPHONEOS_DEPLOYMENT_TARGET = 15.5;
				MTL_ENABLE_DEBUG_INFO = NO;
				MTL_FAST_MATH = YES;
				SDKROOT = iphoneos;
				SWIFT_COMPILATION_MODE = wholemodule;
				SWIFT_OPTIMIZATION_LEVEL = "-O";
				VALIDATE_PRODUCT = YES;
			};
			name = Release;
		};
		82BD29FC287465EA008DDF22 /* Debug */ = {
			isa = XCBuildConfiguration;
			buildSettings = {
				ASSETCATALOG_COMPILER_APPICON_NAME = AppIcon;
				ASSETCATALOG_COMPILER_GLOBAL_ACCENT_COLOR_NAME = AccentColor;
				CODE_SIGN_STYLE = Automatic;
				CURRENT_PROJECT_VERSION = 1;
				DEVELOPMENT_ASSET_PATHS = "\"Katin/Preview Content\"";
				DEVELOPMENT_TEAM = GQZ24SVQ96;
				ENABLE_PREVIEWS = YES;
				GENERATE_INFOPLIST_FILE = YES;
				INFOPLIST_KEY_UIApplicationSceneManifest_Generation = YES;
				INFOPLIST_KEY_UIApplicationSupportsIndirectInputEvents = YES;
				INFOPLIST_KEY_UILaunchScreen_Generation = YES;
				INFOPLIST_KEY_UISupportedInterfaceOrientations_iPad = "UIInterfaceOrientationPortrait UIInterfaceOrientationPortraitUpsideDown UIInterfaceOrientationLandscapeLeft UIInterfaceOrientationLandscapeRight";
				INFOPLIST_KEY_UISupportedInterfaceOrientations_iPhone = "UIInterfaceOrientationPortrait UIInterfaceOrientationLandscapeLeft UIInterfaceOrientationLandscapeRight";
				LD_RUNPATH_SEARCH_PATHS = (
					"$(inherited)",
					"@executable_path/Frameworks",
				);
				MARKETING_VERSION = 1.0;
				PRODUCT_BUNDLE_IDENTIFIER = com.kazuhiroowada.Katin;
				PRODUCT_NAME = "$(TARGET_NAME)";
				SWIFT_EMIT_LOC_STRINGS = YES;
				SWIFT_VERSION = 5.0;
				TARGETED_DEVICE_FAMILY = "1,2";
			};
			name = Debug;
		};
		82BD29FD287465EA008DDF22 /* Release */ = {
			isa = XCBuildConfiguration;
			buildSettings = {
				ASSETCATALOG_COMPILER_APPICON_NAME = AppIcon;
				ASSETCATALOG_COMPILER_GLOBAL_ACCENT_COLOR_NAME = AccentColor;
				CODE_SIGN_STYLE = Automatic;
				CURRENT_PROJECT_VERSION = 1;
				DEVELOPMENT_ASSET_PATHS = "\"Katin/Preview Content\"";
				DEVELOPMENT_TEAM = GQZ24SVQ96;
				ENABLE_PREVIEWS = YES;
				GENERATE_INFOPLIST_FILE = YES;
				INFOPLIST_KEY_UIApplicationSceneManifest_Generation = YES;
				INFOPLIST_KEY_UIApplicationSupportsIndirectInputEvents = YES;
				INFOPLIST_KEY_UILaunchScreen_Generation = YES;
				INFOPLIST_KEY_UISupportedInterfaceOrientations_iPad = "UIInterfaceOrientationPortrait UIInterfaceOrientationPortraitUpsideDown UIInterfaceOrientationLandscapeLeft UIInterfaceOrientationLandscapeRight";
				INFOPLIST_KEY_UISupportedInterfaceOrientations_iPhone = "UIInterfaceOrientationPortrait UIInterfaceOrientationLandscapeLeft UIInterfaceOrientationLandscapeRight";
				LD_RUNPATH_SEARCH_PATHS = (
					"$(inherited)",
					"@executable_path/Frameworks",
				);
				MARKETING_VERSION = 1.0;
				PRODUCT_BUNDLE_IDENTIFIER = com.kazuhiroowada.Katin;
				PRODUCT_NAME = "$(TARGET_NAME)";
				SWIFT_EMIT_LOC_STRINGS = YES;
				SWIFT_VERSION = 5.0;
				TARGETED_DEVICE_FAMILY = "1,2";
			};
			name = Release;
		};
		82BD29FF287465EA008DDF22 /* Debug */ = {
			isa = XCBuildConfiguration;
			buildSettings = {
				ALWAYS_EMBED_SWIFT_STANDARD_LIBRARIES = YES;
				BUNDLE_LOADER = "$(TEST_HOST)";
				CODE_SIGN_STYLE = Automatic;
				CURRENT_PROJECT_VERSION = 1;
				DEVELOPMENT_TEAM = GQZ24SVQ96;
				GENERATE_INFOPLIST_FILE = YES;
				IPHONEOS_DEPLOYMENT_TARGET = 15.5;
				MARKETING_VERSION = 1.0;
				PRODUCT_BUNDLE_IDENTIFIER = com.kazuhiroowada.KatinTests;
				PRODUCT_NAME = "$(TARGET_NAME)";
				SWIFT_EMIT_LOC_STRINGS = NO;
				SWIFT_VERSION = 5.0;
				TARGETED_DEVICE_FAMILY = "1,2";
				TEST_HOST = "$(BUILT_PRODUCTS_DIR)/Katin.app/Katin";
			};
			name = Debug;
		};
		82BD2A00287465EA008DDF22 /* Release */ = {
			isa = XCBuildConfiguration;
			buildSettings = {
				ALWAYS_EMBED_SWIFT_STANDARD_LIBRARIES = YES;
				BUNDLE_LOADER = "$(TEST_HOST)";
				CODE_SIGN_STYLE = Automatic;
				CURRENT_PROJECT_VERSION = 1;
				DEVELOPMENT_TEAM = GQZ24SVQ96;
				GENERATE_INFOPLIST_FILE = YES;
				IPHONEOS_DEPLOYMENT_TARGET = 15.5;
				MARKETING_VERSION = 1.0;
				PRODUCT_BUNDLE_IDENTIFIER = com.kazuhiroowada.KatinTests;
				PRODUCT_NAME = "$(TARGET_NAME)";
				SWIFT_EMIT_LOC_STRINGS = NO;
				SWIFT_VERSION = 5.0;
				TARGETED_DEVICE_FAMILY = "1,2";
				TEST_HOST = "$(BUILT_PRODUCTS_DIR)/Katin.app/Katin";
			};
			name = Release;
		};
		82BD2A02287465EA008DDF22 /* Debug */ = {
			isa = XCBuildConfiguration;
			buildSettings = {
				ALWAYS_EMBED_SWIFT_STANDARD_LIBRARIES = YES;
				CODE_SIGN_STYLE = Automatic;
				CURRENT_PROJECT_VERSION = 1;
				DEVELOPMENT_TEAM = GQZ24SVQ96;
				GENERATE_INFOPLIST_FILE = YES;
				MARKETING_VERSION = 1.0;
				PRODUCT_BUNDLE_IDENTIFIER = com.kazuhiroowada.KatinUITests;
				PRODUCT_NAME = "$(TARGET_NAME)";
				SWIFT_EMIT_LOC_STRINGS = NO;
				SWIFT_VERSION = 5.0;
				TARGETED_DEVICE_FAMILY = "1,2";
				TEST_TARGET_NAME = Katin;
			};
			name = Debug;
		};
		82BD2A03287465EA008DDF22 /* Release */ = {
			isa = XCBuildConfiguration;
			buildSettings = {
				ALWAYS_EMBED_SWIFT_STANDARD_LIBRARIES = YES;
				CODE_SIGN_STYLE = Automatic;
				CURRENT_PROJECT_VERSION = 1;
				DEVELOPMENT_TEAM = GQZ24SVQ96;
				GENERATE_INFOPLIST_FILE = YES;
				MARKETING_VERSION = 1.0;
				PRODUCT_BUNDLE_IDENTIFIER = com.kazuhiroowada.KatinUITests;
				PRODUCT_NAME = "$(TARGET_NAME)";
				SWIFT_EMIT_LOC_STRINGS = NO;
				SWIFT_VERSION = 5.0;
				TARGETED_DEVICE_FAMILY = "1,2";
				TEST_TARGET_NAME = Katin;
			};
			name = Release;
		};
/* End XCBuildConfiguration section */

/* Begin XCConfigurationList section */
		82BD29D2287465E8008DDF22 /* Build configuration list for PBXProject "Katin" */ = {
			isa = XCConfigurationList;
			buildConfigurations = (
				82BD29F9287465EA008DDF22 /* Debug */,
				82BD29FA287465EA008DDF22 /* Release */,
			);
			defaultConfigurationIsVisible = 0;
			defaultConfigurationName = Release;
		};
		82BD29FB287465EA008DDF22 /* Build configuration list for PBXNativeTarget "Katin" */ = {
			isa = XCConfigurationList;
			buildConfigurations = (
				82BD29FC287465EA008DDF22 /* Debug */,
				82BD29FD287465EA008DDF22 /* Release */,
			);
			defaultConfigurationIsVisible = 0;
			defaultConfigurationName = Release;
		};
		82BD29FE287465EA008DDF22 /* Build configuration list for PBXNativeTarget "KatinTests" */ = {
			isa = XCConfigurationList;
			buildConfigurations = (
				82BD29FF287465EA008DDF22 /* Debug */,
				82BD2A00287465EA008DDF22 /* Release */,
			);
			defaultConfigurationIsVisible = 0;
			defaultConfigurationName = Release;
		};
		82BD2A01287465EA008DDF22 /* Build configuration list for PBXNativeTarget "KatinUITests" */ = {
			isa = XCConfigurationList;
			buildConfigurations = (
				82BD2A02287465EA008DDF22 /* Debug */,
				82BD2A03287465EA008DDF22 /* Release */,
			);
			defaultConfigurationIsVisible = 0;
			defaultConfigurationName = Release;
		};
/* End XCConfigurationList section */
	};
	rootObject = 82BD29CF287465E8008DDF22 /* Project object */;
}
